# This file is autogenerated, do not edit; changes may be undone by the next 'dep ensure'.


[[projects]]
  branch = "master"
  digest = "1:6dfb0a0d2ffb4aed50b1101fab4a559cc690e85a6bb7bc865340d80571cbb908"
  name = "github.com/buger/jsonparser"
  packages = ["."]
  pruneopts = ""
  revision = "1a29609e0929ccd5666069e2e7213c2c69fa4ac2"

[[projects]]
  branch = "master"
  digest = "1:3ba7d0192b079ae509b9d05e97510223c2ff4c96bb9c5d85530a64f775b4b648"
  name = "github.com/getkin/kin-openapi"
  packages = [
    "jsoninfo",
    "openapi3",
  ]
  pruneopts = ""
  revision = "70fbea30aeb8b2189d7668554e3650f00470c42f"

[[projects]]
  digest = "1:b13707423743d41665fd23f0c36b2f37bb49c30e94adb813319c44188a51ba22"
  name = "github.com/ghodss/yaml"
  packages = ["."]
  pruneopts = ""
  revision = "0ca9ea5df5451ffdf184b4428c902747c2c11cd7"
  version = "v1.0.0"

[[projects]]
  digest = "1:cea4aa2038169ee558bf507d5ea02c94ca85bcca28a4c7bb99fd59b31e43a686"
  name = "github.com/google/go-querystring"
  packages = ["query"]
  pruneopts = ""
  revision = "44c6ddd0a2342c386950e880b658017258da92fc"
  version = "v1.0.0"

[[projects]]
  branch = "master"
  digest = "1:58e807759bc7b1219d0cb2f247df5484dacd9be5f167e160b78bf9e648887c72"
  name = "github.com/grokify/gocharts"
  packages = [
    "data/histogram",
    "data/table",
  ]
  pruneopts = ""
  revision = "0ac737b8660f3430df973f50bbc50c2de5a38bda"

[[projects]]
  branch = "master"
  digest = "1:3ddd9f4e89f8ab07b26132456083f06eb1fd03b7197bf6242de6e10e6f6ef070"
  name = "github.com/grokify/gotilla"
  packages = [
    "encoding/csvutil",
    "encoding/jsonutil",
    "fmt/fmtutil",
    "io/ioutilmore",
    "net/httputilmore",
    "net/urlutil",
    "sort/sortutil",
    "strconv/strconvutil",
    "type/maputil",
    "type/stringsutil",
  ]
  pruneopts = ""
  revision = "c37774b2caf5c7ce119b1d931533afb0357ae59f"

[[projects]]
  branch = "master"
  digest = "1:3a876577429dc9a2389c345df24329195985e75174e8805b5fd96f131b0f0d8d"
  name = "github.com/grokify/swaggman"
  packages = [
    ".",
    "openapi3",
    "openapi3conv",
    "postman2",
    "postman2/simple",
    "swagger2",
  ]
  pruneopts = ""
  revision = "1991eeb826af5d8ce46d579a6e6384cb7c55f6c3"

[[projects]]
  digest = "1:f1b89f22b86ebdb4a336a212f2667d9ae37b435c3a6237a421b916a4c6f6528d"
  name = "github.com/huandu/xstrings"
  packages = ["."]
  pruneopts = ""
  revision = "874a673206bf7a5c86d29876dfeaccca0922ab62"
  version = "v1.2.1"

[[projects]]
  digest = "1:ca5c90960520407749b98c49650f54f5f90a667796e85c5ee1597478f702fb91"
  name = "github.com/jessevdk/go-flags"
  packages = ["."]
  pruneopts = ""
  revision = "c6ca198ec95c841fdb89fc0de7496fed11ab854e"
  version = "v1.4.0"

[[projects]]
  digest = "1:0f51cee70b0d254dbc93c22666ea2abf211af81c1701a96d04e2284b408621db"
  name = "github.com/konsorten/go-windows-terminal-sequences"
  packages = ["."]
  pruneopts = ""
  revision = "f55edac94c9bbba5d6182a4be46d86a2c9b5b50e"
  version = "v1.0.2"

[[projects]]
  digest = "1:1d7e1867c49a6dd9856598ef7c3123604ea3daabf5b83f303ff457bcbc410b1d"
  name = "github.com/pkg/errors"
  packages = ["."]
  pruneopts = ""
  revision = "ba968bfe8b2f7e042a574c888954fccecfa385b4"
  version = "v0.8.1"

[[projects]]
  digest = "1:1a405cddcf3368445051fb70ab465ae99da56ad7be8d8ca7fc52159d1c2d873c"
  name = "github.com/sirupsen/logrus"
  packages = ["."]
  pruneopts = ""
  revision = "839c75faf7f98a33d445d181f3018b5c3409a45e"
  version = "v1.4.2"

[[projects]]
  branch = "master"
  digest = "1:6e2cb00f85dc16f2f96b29fab5fb630ce884197003ba029c1c1769955f6ac339"
  name = "golang.org/x/sys"
  packages = ["unix"]
  pruneopts = ""
  revision = "4a24b406529242041050cb1dec3e0e4c46a5f1b6"

[[projects]]
  digest = "1:5a53f6ef09fb1ac261a97f8a72e8837ff53cbaa969022a6679da210e4cbe9b0f"
  name = "gopkg.in/yaml.v2"
  packages = ["."]
  pruneopts = ""
  revision = "1f64d6156d11335c3f22d9330b0ad14fc1e789ce"
  version = "v2.2.7"

[solve-meta]
  analyzer-name = "dep"
  analyzer-version = 1
  input-imports = [
    "github.com/getkin/kin-openapi/openapi3",
    "github.com/grokify/gocharts/data/histogram",
    "github.com/grokify/gotilla/encoding/csvutil",
    "github.com/grokify/gotilla/fmt/fmtutil",
    "github.com/grokify/gotilla/io/ioutilmore",
    "github.com/grokify/gotilla/net/httputilmore",
    "github.com/grokify/gotilla/net/urlutil",
    "github.com/grokify/gotilla/type/stringsutil",
    "github.com/grokify/swaggman",
    "github.com/grokify/swaggman/openapi3",
    "github.com/grokify/swaggman/openapi3conv",
    "github.com/grokify/swaggman/postman2",
    "github.com/grokify/swaggman/postman2/simple",
    "github.com/grokify/swaggman/swagger2",
    "github.com/jessevdk/go-flags",
    "github.com/pkg/errors",
  ]
  solver-name = "gps-cdcl"
  solver-version = 1
